
Microsoft Visual Studio Solution File, Format Version 11.00
# Visual Studio 2010
Project("{FAE04EC0-301F-11D3-BF4B-00C04F79EFBC}") = "ChickenBattleUi", "ChickenBattleUi\ChickenBattleUi.csproj", "{5C02C761-9A24-4424-AB1B-231E59B3AFA4}"
EndProject
Project("{FAE04EC0-301F-11D3-BF4B-00C04F79EFBC}") = "ChickenBattle.Core", "ChickenBattle.Core\ChickenBattle.Core.csproj", "{6EE56BF0-621D-4812-A6AD-05F8F14CBC83}"
EndProject
Project("{FAE04EC0-301F-11D3-BF4B-00C04F79EFBC}") = "ChickenBattle.Yegorov", "ChickenBattle.Yegorov\ChickenBattle.Yegorov.csproj", "{6F54A306-B455-42EA-93F1-423958CD1A5A}"
EndProject
Global
	GlobalSection(SolutionConfigurationPlatforms) = preSolution
		Debug|Any CPU = Debug|Any CPU
		Debug|Mixed Platforms = Debug|Mixed Platforms
		Debug|x86 = Debug|x86
		Release|Any CPU = Release|Any CPU
		Release|Mixed Platforms = Release|Mixed Platforms
		Release|x86 = Release|x86
	EndGlobalSection
	GlobalSection(ProjectConfigurationPlatforms) = postSolution
		{5C02C761-9A24-4424-AB1B-231E59B3AFA4}.Debug|Any CPU.ActiveCfg = Debug|x86
		{5C02C761-9A24-4424-AB1B-231E59B3AFA4}.Debug|Mixed Platforms.ActiveCfg = Debug|x86
		{5C02C761-9A24-4424-AB1B-231E59B3AFA4}.Debug|Mixed Platforms.Build.0 = Debug|x86
		{5C02C761-9A24-4424-AB1B-231E59B3AFA4}.Debug|x86.ActiveCfg = Debug|x86
		{5C02C761-9A24-4424-AB1B-231E59B3AFA4}.Debug|x86.Build.0 = Debug|x86
		{5C02C761-9A24-4424-AB1B-231E59B3AFA4}.Release|Any CPU.ActiveCfg = Release|x86
		{5C02C761-9A24-4424-AB1B-231E59B3AFA4}.Release|Mixed Platforms.ActiveCfg = Release|x86
		{5C02C761-9A24-4424-AB1B-231E59B3AFA4}.Release|Mixed Platforms.Build.0 = Release|x86
		{5C02C761-9A24-4424-AB1B-231E59B3AFA4}.Release|x86.ActiveCfg = Release|x86
		{5C02C761-9A24-4424-AB1B-231E59B3AFA4}.Release|x86.Build.0 = Release|x86
		{6EE56BF0-621D-4812-A6AD-05F8F14CBC83}.Debug|Any CPU.ActiveCfg = Debug|Any CPU
		{6EE56BF0-621D-4812-A6AD-05F8F14CBC83}.Debug|Any CPU.Build.0 = Debug|Any CPU
		{6EE56BF0-621D-4812-A6AD-05F8F14CBC83}.Debug|Mixed Platforms.ActiveCfg = Debug|Any CPU
		{6EE56BF0-621D-4812-A6AD-05F8F14CBC83}.Debug|Mixed Platforms.Build.0 = Debug|Any CPU
		{6EE56BF0-621D-4812-A6AD-05F8F14CBC83}.Debug|x86.ActiveCfg = Debug|Any CPU
		{6EE56BF0-621D-4812-A6AD-05F8F14CBC83}.Release|Any CPU.ActiveCfg = Release|Any CPU
		{6EE56BF0-621D-4812-A6AD-05F8F14CBC83}.Release|Any CPU.Build.0 = Release|Any CPU
		{6EE56BF0-621D-4812-A6AD-05F8F14CBC83}.Release|Mixed Platforms.ActiveCfg = Release|Any CPU
		{6EE56BF0-621D-4812-A6AD-05F8F14CBC83}.Release|Mixed Platforms.Build.0 = Release|Any CPU
		{6EE56BF0-621D-4812-A6AD-05F8F14CBC83}.Release|x86.ActiveCfg = Release|Any CPU
		{6F54A306-B455-42EA-93F1-423958CD1A5A}.Debug|Any CPU.ActiveCfg = Debug|Any CPU
		{6F54A306-B455-42EA-93F1-423958CD1A5A}.Debug|Any CPU.Build.0 = Debug|Any CPU
		{6F54A306-B455-42EA-93F1-423958CD1A5A}.Debug|Mixed Platforms.ActiveCfg = Debug|Any CPU
		{6F54A306-B455-42EA-93F1-423958CD1A5A}.Debug|Mixed Platforms.Build.0 = Debug|Any CPU
		{6F54A306-B455-42EA-93F1-423958CD1A5A}.Debug|x86.ActiveCfg = Debug|Any CPU
		{6F54A306-B455-42EA-93F1-423958CD1A5A}.Release|Any CPU.ActiveCfg = Release|Any CPU
		{6F54A306-B455-42EA-93F1-423958CD1A5A}.Release|Any CPU.Build.0 = Release|Any CPU
		{6F54A306-B455-42EA-93F1-423958CD1A5A}.Release|Mixed Platforms.ActiveCfg = Release|Any CPU
		{6F54A306-B455-42EA-93F1-423958CD1A5A}.Release|Mixed Platforms.Build.0 = Release|Any CPU
		{6F54A306-B455-42EA-93F1-423958CD1A5A}.Release|x86.ActiveCfg = Release|Any CPU
	EndGlobalSection
	GlobalSection(SolutionProperties) = preSolution
		HideSolutionNode = FALSE
	EndGlobalSection
EndGlobal
