
Microsoft Visual Studio Solution File, Format Version 11.00
# Visual Studio 2010
Project("{FAE04EC0-301F-11D3-BF4B-00C04F79EFBC}") = "SharpestBeak.Common", "SharpestBeak.Common\SharpestBeak.Common.csproj", "{CBBABFA5-F286-4B57-A726-9E5CC427D1E5}"
EndProject
Global
	GlobalSection(SolutionConfigurationPlatforms) = preSolution
		Debug|Any CPU = Debug|Any CPU
		Release|Any CPU = Release|Any CPU
	EndGlobalSection
	GlobalSection(ProjectConfigurationPlatforms) = postSolution
		{CBBABFA5-F286-4B57-A726-9E5CC427D1E5}.Debug|Any CPU.ActiveCfg = Debug|Any CPU
		{CBBABFA5-F286-4B57-A726-9E5CC427D1E5}.Debug|Any CPU.Build.0 = Debug|Any CPU
		{CBBABFA5-F286-4B57-A726-9E5CC427D1E5}.Release|Any CPU.ActiveCfg = Release|Any CPU
		{CBBABFA5-F286-4B57-A726-9E5CC427D1E5}.Release|Any CPU.Build.0 = Release|Any CPU
	EndGlobalSection
	GlobalSection(SolutionProperties) = preSolution
		HideSolutionNode = FALSE
	EndGlobalSection
EndGlobal
